# THIS IS AN AUTOGENERATED FILE. DO NOT EDIT THIS FILE DIRECTLY.
# yarn lockfile v1


cron@^2.2.0:
  version "2.2.0"
  resolved "https://registry.yarnpkg.com/cron/-/cron-2.2.0.tgz#605ae5048e9715a22db12e9fe2563a92740b9fed"
  integrity sha512-GPiI3OgMv83XRtEUc2gUdaLvJhO3XbLN288layOBkDTupg0RK5IECNGpkykIMHg+muVR2bxt29b0xvCAcBrjYQ==
  dependencies:
    luxon "^3.2.1"

luxon@^3.2.1:
  version "3.2.1"
  resolved "https://registry.yarnpkg.com/luxon/-/luxon-3.2.1.tgz#14f1af209188ad61212578ea7e3d518d18cee45f"
  integrity sha512-QrwPArQCNLAKGO/C+ZIilgIuDnEnKx5QYODdDtbFaxzsbZcc/a7WFq7MhsVYgRlwawLtvOUESTlfJ+hc/USqPg==
